// !$*UTF8*$!
{
	archiveVersion = 1;
	classes = {
	};
	objectVersion = 48;
	objects = {

/* Begin PBXBuildFile section */
		23C11E1EEFD9E0F85DB9AE39 /* Pods_instagram.framework in Frameworks */ = {isa = PBXBuildFile; fileRef = D9D2DD3AFA7DC8DC6F419D33 /* Pods_instagram.framework */; };
		3429AB07C6A708043EB998EC /* Pods_instagramTests.framework in Frameworks */ = {isa = PBXBuildFile; fileRef = A59245BAFA8184736D9E8BA0 /* Pods_instagramTests.framework */; };
		6C976C124E53F4E68E832C86 /* Pods_instagramUITests.framework in Frameworks */ = {isa = PBXBuildFile; fileRef = 000D9B46CA527297F6B95375 /* Pods_instagramUITests.framework */; };
		D85411BF2027735E004F48F1 /* pictureViewController.swift in Sources */ = {isa = PBXBuildFile; fileRef = D85411BE2027735E004F48F1 /* pictureViewController.swift */; };
		D85411C1202773CA004F48F1 /* PostCell.swift in Sources */ = {isa = PBXBuildFile; fileRef = D85411C0202773CA004F48F1 /* PostCell.swift */; };
		D85411C320278038004F48F1 /* PhotoMapViewController.swift in Sources */ = {isa = PBXBuildFile; fileRef = D85411C220278038004F48F1 /* PhotoMapViewController.swift */; };
		D877D0F52028E3740034FE05 /* PhotoPickerViewController.swift in Sources */ = {isa = PBXBuildFile; fileRef = D877D0F42028E3740034FE05 /* PhotoPickerViewController.swift */; };
		D87CD9802020E6CE003C90A8 /* AppDelegate.swift in Sources */ = {isa = PBXBuildFile; fileRef = D87CD97F2020E6CE003C90A8 /* AppDelegate.swift */; };
		D87CD9852020E6CE003C90A8 /* Main.storyboard in Resources */ = {isa = PBXBuildFile; fileRef = D87CD9832020E6CE003C90A8 /* Main.storyboard */; };
		D87CD9872020E6CE003C90A8 /* Assets.xcassets in Resources */ = {isa = PBXBuildFile; fileRef = D87CD9862020E6CE003C90A8 /* Assets.xcassets */; };
		D87CD98A2020E6CE003C90A8 /* LaunchScreen.storyboard in Resources */ = {isa = PBXBuildFile; fileRef = D87CD9882020E6CE003C90A8 /* LaunchScreen.storyboard */; };
		D87CD9952020E6CE003C90A8 /* instagramTests.swift in Sources */ = {isa = PBXBuildFile; fileRef = D87CD9942020E6CE003C90A8 /* instagramTests.swift */; };
		D87CD9A02020E6CE003C90A8 /* instagramUITests.swift in Sources */ = {isa = PBXBuildFile; fileRef = D87CD99F2020E6CE003C90A8 /* instagramUITests.swift */; };
		D87CD9AE2020E915003C90A8 /* LoginViewController.swift in Sources */ = {isa = PBXBuildFile; fileRef = D87CD9AD2020E915003C90A8 /* LoginViewController.swift */; };
/* End PBXBuildFile section */

/* Begin PBXContainerItemProxy section */
		D87CD9912020E6CE003C90A8 /* PBXContainerItemProxy */ = {
			isa = PBXContainerItemProxy;
			containerPortal = D87CD9742020E6CE003C90A8 /* Project object */;
			proxyType = 1;
			remoteGlobalIDString = D87CD97B2020E6CE003C90A8;
			remoteInfo = instagram;
		};
		D87CD99C2020E6CE003C90A8 /* PBXContainerItemProxy */ = {
			isa = PBXContainerItemProxy;
			containerPortal = D87CD9742020E6CE003C90A8 /* Project object */;
			proxyType = 1;
			remoteGlobalIDString = D87CD97B2020E6CE003C90A8;
			remoteInfo = instagram;
		};
/* End PBXContainerItemProxy section */

/* Begin PBXFileReference section */
		000D9B46CA527297F6B95375 /* Pods_instagramUITests.framework */ = {isa = PBXFileReference; explicitFileType = wrapper.framework; includeInIndex = 0; path = Pods_instagramUITests.framework; sourceTree = BUILT_PRODUCTS_DIR; };
		004DF013C52C707D0EBE5D0F /* Pods-instagram.release.xcconfig */ = {isa = PBXFileReference; includeInIndex = 1; lastKnownFileType = text.xcconfig; name = "Pods-instagram.release.xcconfig"; path = "Pods/Target Support Files/Pods-instagram/Pods-instagram.release.xcconfig"; sourceTree = "<group>"; };
		2C9A7D46C30FF44C80C31A57 /* Pods-instagramUITests.debug.xcconfig */ = {isa = PBXFileReference; includeInIndex = 1; lastKnownFileType = text.xcconfig; name = "Pods-instagramUITests.debug.xcconfig"; path = "Pods/Target Support Files/Pods-instagramUITests/Pods-instagramUITests.debug.xcconfig"; sourceTree = "<group>"; };
		9356AC9A270107EE39897702 /* Pods-instagramUITests.release.xcconfig */ = {isa = PBXFileReference; includeInIndex = 1; lastKnownFileType = text.xcconfig; name = "Pods-instagramUITests.release.xcconfig"; path = "Pods/Target Support Files/Pods-instagramUITests/Pods-instagramUITests.release.xcconfig"; sourceTree = "<group>"; };
		A59245BAFA8184736D9E8BA0 /* Pods_instagramTests.framework */ = {isa = PBXFileReference; explicitFileType = wrapper.framework; includeInIndex = 0; path = Pods_instagramTests.framework; sourceTree = BUILT_PRODUCTS_DIR; };
		D6168A89813024F385441207 /* Pods-instagram.debug.xcconfig */ = {isa = PBXFileReference; includeInIndex = 1; lastKnownFileType = text.xcconfig; name = "Pods-instagram.debug.xcconfig"; path = "Pods/Target Support Files/Pods-instagram/Pods-instagram.debug.xcconfig"; sourceTree = "<group>"; };
		D85411BE2027735E004F48F1 /* pictureViewController.swift */ = {isa = PBXFileReference; lastKnownFileType = sourcecode.swift; path = pictureViewController.swift; sourceTree = "<group>"; };
		D85411C0202773CA004F48F1 /* PostCell.swift */ = {isa = PBXFileReference; lastKnownFileType = sourcecode.swift; path = PostCell.swift; sourceTree = "<group>"; };
		D85411C220278038004F48F1 /* PhotoMapViewController.swift */ = {isa = PBXFileReference; lastKnownFileType = sourcecode.swift; path = PhotoMapViewController.swift; sourceTree = "<group>"; };
		D877D0F42028E3740034FE05 /* PhotoPickerViewController.swift */ = {isa = PBXFileReference; lastKnownFileType = sourcecode.swift; path = PhotoPickerViewController.swift; sourceTree = "<group>"; };
		D87CD97C2020E6CE003C90A8 /* instagram.app */ = {isa = PBXFileReference; explicitFileType = wrapper.application; includeInIndex = 0; path = instagram.app; sourceTree = BUILT_PRODUCTS_DIR; };
		D87CD97F2020E6CE003C90A8 /* AppDelegate.swift */ = {isa = PBXFileReference; lastKnownFileType = sourcecode.swift; path = AppDelegate.swift; sourceTree = "<group>"; };
		D87CD9842020E6CE003C90A8 /* Base */ = {isa = PBXFileReference; lastKnownFileType = file.storyboard; name = Base; path = Base.lproj/Main.storyboard; sourceTree = "<group>"; };
		D87CD9862020E6CE003C90A8 /* Assets.xcassets */ = {isa = PBXFileReference; lastKnownFileType = folder.assetcatalog; path = Assets.xcassets; sourceTree = "<group>"; };
		D87CD9892020E6CE003C90A8 /* Base */ = {isa = PBXFileReference; lastKnownFileType = file.storyboard; name = Base; path = Base.lproj/LaunchScreen.storyboard; sourceTree = "<group>"; };
		D87CD98B2020E6CE003C90A8 /* Info.plist */ = {isa = PBXFileReference; lastKnownFileType = text.plist.xml; path = Info.plist; sourceTree = "<group>"; };
		D87CD9902020E6CE003C90A8 /* instagramTests.xctest */ = {isa = PBXFileReference; explicitFileType = wrapper.cfbundle; includeInIndex = 0; path = instagramTests.xctest; sourceTree = BUILT_PRODUCTS_DIR; };
		D87CD9942020E6CE003C90A8 /* instagramTests.swift */ = {isa = PBXFileReference; lastKnownFileType = sourcecode.swift; path = instagramTests.swift; sourceTree = "<group>"; };
		D87CD9962020E6CE003C90A8 /* Info.plist */ = {isa = PBXFileReference; lastKnownFileType = text.plist.xml; path = Info.plist; sourceTree = "<group>"; };
		D87CD99B2020E6CE003C90A8 /* instagramUITests.xctest */ = {isa = PBXFileReference; explicitFileType = wrapper.cfbundle; includeInIndex = 0; path = instagramUITests.xctest; sourceTree = BUILT_PRODUCTS_DIR; };
		D87CD99F2020E6CE003C90A8 /* instagramUITests.swift */ = {isa = PBXFileReference; lastKnownFileType = sourcecode.swift; path = instagramUITests.swift; sourceTree = "<group>"; };
		D87CD9A12020E6CE003C90A8 /* Info.plist */ = {isa = PBXFileReference; lastKnownFileType = text.plist.xml; path = Info.plist; sourceTree = "<group>"; };
		D87CD9AD2020E915003C90A8 /* LoginViewController.swift */ = {isa = PBXFileReference; lastKnownFileType = sourcecode.swift; path = LoginViewController.swift; sourceTree = "<group>"; };
		D9D2DD3AFA7DC8DC6F419D33 /* Pods_instagram.framework */ = {isa = PBXFileReference; explicitFileType = wrapper.framework; includeInIndex = 0; path = Pods_instagram.framework; sourceTree = BUILT_PRODUCTS_DIR; };
		DEC67B1FAF39F397E69B44CD /* Pods-instagramTests.debug.xcconfig */ = {isa = PBXFileReference; includeInIndex = 1; lastKnownFileType = text.xcconfig; name = "Pods-instagramTests.debug.xcconfig"; path = "Pods/Target Support Files/Pods-instagramTests/Pods-instagramTests.debug.xcconfig"; sourceTree = "<group>"; };
		E44E28C461EBECAC89D8C4CD /* Pods-instagramTests.release.xcconfig */ = {isa = PBXFileReference; includeInIndex = 1; lastKnownFileType = text.xcconfig; name = "Pods-instagramTests.release.xcconfig"; path = "Pods/Target Support Files/Pods-instagramTests/Pods-instagramTests.release.xcconfig"; sourceTree = "<group>"; };
/* End PBXFileReference section */

/* Begin PBXFrameworksBuildPhase section */
		D87CD9792020E6CE003C90A8 /* Frameworks */ = {
			isa = PBXFrameworksBuildPhase;
			buildActionMask = 2147483647;
			files = (
				23C11E1EEFD9E0F85DB9AE39 /* Pods_instagram.framework in Frameworks */,
			);
			runOnlyForDeploymentPostprocessing = 0;
		};
		D87CD98D2020E6CE003C90A8 /* Frameworks */ = {
			isa = PBXFrameworksBuildPhase;
			buildActionMask = 2147483647;
			files = (
				3429AB07C6A708043EB998EC /* Pods_instagramTests.framework in Frameworks */,
			);
			runOnlyForDeploymentPostprocessing = 0;
		};
		D87CD9982020E6CE003C90A8 /* Frameworks */ = {
			isa = PBXFrameworksBuildPhase;
			buildActionMask = 2147483647;
			files = (
				6C976C124E53F4E68E832C86 /* Pods_instagramUITests.framework in Frameworks */,
			);
			runOnlyForDeploymentPostprocessing = 0;
		};
/* End PBXFrameworksBuildPhase section */

/* Begin PBXGroup section */
		4259B6F4EDA7F4A2004DA90A /* Pods */ = {
			isa = PBXGroup;
			children = (
				D6168A89813024F385441207 /* Pods-instagram.debug.xcconfig */,
				004DF013C52C707D0EBE5D0F /* Pods-instagram.release.xcconfig */,
				DEC67B1FAF39F397E69B44CD /* Pods-instagramTests.debug.xcconfig */,
				E44E28C461EBECAC89D8C4CD /* Pods-instagramTests.release.xcconfig */,
				2C9A7D46C30FF44C80C31A57 /* Pods-instagramUITests.debug.xcconfig */,
				9356AC9A270107EE39897702 /* Pods-instagramUITests.release.xcconfig */,
			);
			name = Pods;
			sourceTree = "<group>";
		};
		4FF426B7AEED33D6858D1BE0 /* Frameworks */ = {
			isa = PBXGroup;
			children = (
				D9D2DD3AFA7DC8DC6F419D33 /* Pods_instagram.framework */,
				A59245BAFA8184736D9E8BA0 /* Pods_instagramTests.framework */,
				000D9B46CA527297F6B95375 /* Pods_instagramUITests.framework */,
			);
			name = Frameworks;
			sourceTree = "<group>";
		};
		D877D0F62028EE100034FE05 /* ViewControllers */ = {
			isa = PBXGroup;
			children = (
				D877D0F42028E3740034FE05 /* PhotoPickerViewController.swift */,
				D87CD9AD2020E915003C90A8 /* LoginViewController.swift */,
				D85411BE2027735E004F48F1 /* pictureViewController.swift */,
			);
			path = ViewControllers;
			sourceTree = "<group>";
		};
		D877D0F72028EE230034FE05 /* Other */ = {
			isa = PBXGroup;
			children = (
				D85411C220278038004F48F1 /* PhotoMapViewController.swift */,
				D85411C0202773CA004F48F1 /* PostCell.swift */,
				D87CD97F2020E6CE003C90A8 /* AppDelegate.swift */,
			);
			path = Other;
			sourceTree = "<group>";
		};
		D87CD9732020E6CE003C90A8 = {
			isa = PBXGroup;
			children = (
				D87CD97E2020E6CE003C90A8 /* instagram */,
				D87CD9932020E6CE003C90A8 /* instagramTests */,
				D87CD99E2020E6CE003C90A8 /* instagramUITests */,
				D87CD97D2020E6CE003C90A8 /* Products */,
				4259B6F4EDA7F4A2004DA90A /* Pods */,
				4FF426B7AEED33D6858D1BE0 /* Frameworks */,
			);
			sourceTree = "<group>";
		};
		D87CD97D2020E6CE003C90A8 /* Products */ = {
			isa = PBXGroup;
			children = (
				D87CD97C2020E6CE003C90A8 /* instagram.app */,
				D87CD9902020E6CE003C90A8 /* instagramTests.xctest */,
				D87CD99B2020E6CE003C90A8 /* instagramUITests.xctest */,
			);
			name = Products;
			sourceTree = "<group>";
		};
		D87CD97E2020E6CE003C90A8 /* instagram */ = {
			isa = PBXGroup;
			children = (
				D877D0F72028EE230034FE05 /* Other */,
				D877D0F62028EE100034FE05 /* ViewControllers */,
				D87CD9832020E6CE003C90A8 /* Main.storyboard */,
				D87CD9882020E6CE003C90A8 /* LaunchScreen.storyboard */,
				D87CD9862020E6CE003C90A8 /* Assets.xcassets */,
				D87CD98B2020E6CE003C90A8 /* Info.plist */,
			);
			path = instagram;
			sourceTree = "<group>";
		};
		D87CD9932020E6CE003C90A8 /* instagramTests */ = {
			isa = PBXGroup;
			children = (
				D87CD9942020E6CE003C90A8 /* instagramTests.swift */,
				D87CD9962020E6CE003C90A8 /* Info.plist */,
			);
			path = instagramTests;
			sourceTree = "<group>";
		};
		D87CD99E2020E6CE003C90A8 /* instagramUITests */ = {
			isa = PBXGroup;
			children = (
				D87CD99F2020E6CE003C90A8 /* instagramUITests.swift */,
				D87CD9A12020E6CE003C90A8 /* Info.plist */,
			);
			path = instagramUITests;
			sourceTree = "<group>";
		};
/* End PBXGroup section */

/* Begin PBXNativeTarget section */
		D87CD97B2020E6CE003C90A8 /* instagram */ = {
			isa = PBXNativeTarget;
			buildConfigurationList = D87CD9A42020E6CE003C90A8 /* Build configuration list for PBXNativeTarget "instagram" */;
			buildPhases = (
				FE9A35EB32C7066A9DBCB78E /* [CP] Check Pods Manifest.lock */,
				D87CD9782020E6CE003C90A8 /* Sources */,
				D87CD9792020E6CE003C90A8 /* Frameworks */,
				D87CD97A2020E6CE003C90A8 /* Resources */,
				55548889963193722FE40894 /* [CP] Embed Pods Frameworks */,
				69DA539E8AECD4AB7C931595 /* [CP] Copy Pods Resources */,
			);
			buildRules = (
			);
			dependencies = (
			);
			name = instagram;
			productName = instagram;
			productReference = D87CD97C2020E6CE003C90A8 /* instagram.app */;
			productType = "com.apple.product-type.application";
		};
		D87CD98F2020E6CE003C90A8 /* instagramTests */ = {
			isa = PBXNativeTarget;
			buildConfigurationList = D87CD9A72020E6CE003C90A8 /* Build configuration list for PBXNativeTarget "instagramTests" */;
			buildPhases = (
				A672D241FF1577FE631A630A /* [CP] Check Pods Manifest.lock */,
				D87CD98C2020E6CE003C90A8 /* Sources */,
				D87CD98D2020E6CE003C90A8 /* Frameworks */,
				D87CD98E2020E6CE003C90A8 /* Resources */,
				CE83445978AFBA2C6DB84DAA /* [CP] Embed Pods Frameworks */,
				1FC70059A90BE82F556EF81A /* [CP] Copy Pods Resources */,
			);
			buildRules = (
			);
			dependencies = (
				D87CD9922020E6CE003C90A8 /* PBXTargetDependency */,
			);
			name = instagramTests;
			productName = instagramTests;
			productReference = D87CD9902020E6CE003C90A8 /* instagramTests.xctest */;
			productType = "com.apple.product-type.bundle.unit-test";
		};
		D87CD99A2020E6CE003C90A8 /* instagramUITests */ = {
			isa = PBXNativeTarget;
			buildConfigurationList = D87CD9AA2020E6CE003C90A8 /* Build configuration list for PBXNativeTarget "instagramUITests" */;
			buildPhases = (
				65ABDB8189B18E98ED0AF2F8 /* [CP] Check Pods Manifest.lock */,
				D87CD9972020E6CE003C90A8 /* Sources */,
				D87CD9982020E6CE003C90A8 /* Frameworks */,
				D87CD9992020E6CE003C90A8 /* Resources */,
				90B53E6953A87CD25D7FBC3D /* [CP] Embed Pods Frameworks */,
				DD4CFED1F9C1BE51D73816BD /* [CP] Copy Pods Resources */,
			);
			buildRules = (
			);
			dependencies = (
				D87CD99D2020E6CE003C90A8 /* PBXTargetDependency */,
			);
			name = instagramUITests;
			productName = instagramUITests;
			productReference = D87CD99B2020E6CE003C90A8 /* instagramUITests.xctest */;
			productType = "com.apple.product-type.bundle.ui-testing";
		};
/* End PBXNativeTarget section */

/* Begin PBXProject section */
		D87CD9742020E6CE003C90A8 /* Project object */ = {
			isa = PBXProject;
			attributes = {
				LastSwiftUpdateCheck = 0920;
				LastUpgradeCheck = 0920;
				ORGANIZATIONNAME = "Joseph Davey";
				TargetAttributes = {
					D87CD97B2020E6CE003C90A8 = {
						CreatedOnToolsVersion = 9.2;
						ProvisioningStyle = Automatic;
					};
					D87CD98F2020E6CE003C90A8 = {
						CreatedOnToolsVersion = 9.2;
						ProvisioningStyle = Automatic;
						TestTargetID = D87CD97B2020E6CE003C90A8;
					};
					D87CD99A2020E6CE003C90A8 = {
						CreatedOnToolsVersion = 9.2;
						ProvisioningStyle = Automatic;
						TestTargetID = D87CD97B2020E6CE003C90A8;
					};
				};
			};
			buildConfigurationList = D87CD9772020E6CE003C90A8 /* Build configuration list for PBXProject "instagram" */;
			compatibilityVersion = "Xcode 8.0";
			developmentRegion = en;
			hasScannedForEncodings = 0;
			knownRegions = (
				en,
				Base,
			);
			mainGroup = D87CD9732020E6CE003C90A8;
			productRefGroup = D87CD97D2020E6CE003C90A8 /* Products */;
			projectDirPath = "";
			projectRoot = "";
			targets = (
				D87CD97B2020E6CE003C90A8 /* instagram */,
				D87CD98F2020E6CE003C90A8 /* instagramTests */,
				D87CD99A2020E6CE003C90A8 /* instagramUITests */,
			);
		};
/* End PBXProject section */

/* Begin PBXResourcesBuildPhase section */
		D87CD97A2020E6CE003C90A8 /* Resources */ = {
			isa = PBXResourcesBuildPhase;
			buildActionMask = 2147483647;
			files = (
				D87CD98A2020E6CE003C90A8 /* LaunchScreen.storyboard in Resources */,
				D87CD9872020E6CE003C90A8 /* Assets.xcassets in Resources */,
				D87CD9852020E6CE003C90A8 /* Main.storyboard in Resources */,
			);
			runOnlyForDeploymentPostprocessing = 0;
		};
		D87CD98E2020E6CE003C90A8 /* Resources */ = {
			isa = PBXResourcesBuildPhase;
			buildActionMask = 2147483647;
			files = (
			);
			runOnlyForDeploymentPostprocessing = 0;
		};
		D87CD9992020E6CE003C90A8 /* Resources */ = {
			isa = PBXResourcesBuildPhase;
			buildActionMask = 2147483647;
			files = (
			);
			runOnlyForDeploymentPostprocessing = 0;
		};
/* End PBXResourcesBuildPhase section */

/* Begin PBXShellScriptBuildPhase section */
		1FC70059A90BE82F556EF81A /* [CP] Copy Pods Resources */ = {
			isa = PBXShellScriptBuildPhase;
			buildActionMask = 2147483647;
			files = (
			);
			inputPaths = (
			);
			name = "[CP] Copy Pods Resources";
			outputPaths = (
			);
			runOnlyForDeploymentPostprocessing = 0;
			shellPath = /bin/sh;
			shellScript = "\"${SRCROOT}/Pods/Target Support Files/Pods-instagramTests/Pods-instagramTests-resources.sh\"\n";
			showEnvVarsInLog = 0;
		};
		55548889963193722FE40894 /* [CP] Embed Pods Frameworks */ = {
			isa = PBXShellScriptBuildPhase;
			buildActionMask = 2147483647;
			files = (
			);
			inputPaths = (
				"${SRCROOT}/Pods/Target Support Files/Pods-instagram/Pods-instagram-frameworks.sh",
				"${BUILT_PRODUCTS_DIR}/Bolts/Bolts.framework",
				"${BUILT_PRODUCTS_DIR}/Parse/Parse.framework",
			);
			name = "[CP] Embed Pods Frameworks";
			outputPaths = (
				"${TARGET_BUILD_DIR}/${FRAMEWORKS_FOLDER_PATH}/Bolts.framework",
				"${TARGET_BUILD_DIR}/${FRAMEWORKS_FOLDER_PATH}/Parse.framework",
			);
			runOnlyForDeploymentPostprocessing = 0;
			shellPath = /bin/sh;
			shellScript = "\"${SRCROOT}/Pods/Target Support Files/Pods-instagram/Pods-instagram-frameworks.sh\"\n";
			showEnvVarsInLog = 0;
		};
		65ABDB8189B18E98ED0AF2F8 /* [CP] Check Pods Manifest.lock */ = {
			isa = PBXShellScriptBuildPhase;
			buildActionMask = 2147483647;
			files = (
			);
			inputPaths = (
				"${PODS_PODFILE_DIR_PATH}/Podfile.lock",
				"${PODS_ROOT}/Manifest.lock",
			);
			name = "[CP] Check Pods Manifest.lock";
			outputPaths = (
				"$(DERIVED_FILE_DIR)/Pods-instagramUITests-checkManifestLockResult.txt",
			);
			runOnlyForDeploymentPostprocessing = 0;
			shellPath = /bin/sh;
			shellScript = "diff \"${PODS_PODFILE_DIR_PATH}/Podfile.lock\" \"${PODS_ROOT}/Manifest.lock\" > /dev/null\nif [ $? != 0 ] ; then\n    # print error to STDERR\n    echo \"error: The sandbox is not in sync with the Podfile.lock. Run 'pod install' or update your CocoaPods installation.\" >&2\n    exit 1\nfi\n# This output is used by Xcode 'outputs' to avoid re-running this script phase.\necho \"SUCCESS\" > \"${SCRIPT_OUTPUT_FILE_0}\"\n";
			showEnvVarsInLog = 0;
		};
		69DA539E8AECD4AB7C931595 /* [CP] Copy Pods Resources */ = {
			isa = PBXShellScriptBuildPhase;
			buildActionMask = 2147483647;
			files = (
			);
			inputPaths = (
			);
			name = "[CP] Copy Pods Resources";
			outputPaths = (
			);
			runOnlyForDeploymentPostprocessing = 0;
			shellPath = /bin/sh;
			shellScript = "\"${SRCROOT}/Pods/Target Support Files/Pods-instagram/Pods-instagram-resources.sh\"\n";
			showEnvVarsInLog = 0;
		};
		90B53E6953A87CD25D7FBC3D /* [CP] Embed Pods Frameworks */ = {
			isa = PBXShellScriptBuildPhase;
			buildActionMask = 2147483647;
			files = (
			);
			inputPaths = (
			);
			name = "[CP] Embed Pods Frameworks";
			outputPaths = (
			);
			runOnlyForDeploymentPostprocessing = 0;
			shellPath = /bin/sh;
			shellScript = "\"${SRCROOT}/Pods/Target Support Files/Pods-instagramUITests/Pods-instagramUITests-frameworks.sh\"\n";
			showEnvVarsInLog = 0;
		};
		A672D241FF1577FE631A630A /* [CP] Check Pods Manifest.lock */ = {
			isa = PBXShellScriptBuildPhase;
			buildActionMask = 2147483647;
			files = (
			);
			inputPaths = (
				"${PODS_PODFILE_DIR_PATH}/Podfile.lock",
				"${PODS_ROOT}/Manifest.lock",
			);
			name = "[CP] Check Pods Manifest.lock";
			outputPaths = (
				"$(DERIVED_FILE_DIR)/Pods-instagramTests-checkManifestLockResult.txt",
			);
			runOnlyForDeploymentPostprocessing = 0;
			shellPath = /bin/sh;
			shellScript = "diff \"${PODS_PODFILE_DIR_PATH}/Podfile.lock\" \"${PODS_ROOT}/Manifest.lock\" > /dev/null\nif [ $? != 0 ] ; then\n    # print error to STDERR\n    echo \"error: The sandbox is not in sync with the Podfile.lock. Run 'pod install' or update your CocoaPods installation.\" >&2\n    exit 1\nfi\n# This output is used by Xcode 'outputs' to avoid re-running this script phase.\necho \"SUCCESS\" > \"${SCRIPT_OUTPUT_FILE_0}\"\n";
			showEnvVarsInLog = 0;
		};
		CE83445978AFBA2C6DB84DAA /* [CP] Embed Pods Frameworks */ = {
			isa = PBXShellScriptBuildPhase;
			buildActionMask = 2147483647;
			files = (
			);
			inputPaths = (
			);
			name = "[CP] Embed Pods Frameworks";
			outputPaths = (
			);
			runOnlyForDeploymentPostprocessing = 0;
			shellPath = /bin/sh;
			shellScript = "\"${SRCROOT}/Pods/Target Support Files/Pods-instagramTests/Pods-instagramTests-frameworks.sh\"\n";
			showEnvVarsInLog = 0;
		};
		DD4CFED1F9C1BE51D73816BD /* [CP] Copy Pods Resources */ = {
			isa = PBXShellScriptBuildPhase;
			buildActionMask = 2147483647;
			files = (
			);
			inputPaths = (
			);
			name = "[CP] Copy Pods Resources";
			outputPaths = (
			);
			runOnlyForDeploymentPostprocessing = 0;
			shellPath = /bin/sh;
			shellScript = "\"${SRCROOT}/Pods/Target Support Files/Pods-instagramUITests/Pods-instagramUITests-resources.sh\"\n";
			showEnvVarsInLog = 0;
		};
		FE9A35EB32C7066A9DBCB78E /* [CP] Check Pods Manifest.lock */ = {
			isa = PBXShellScriptBuildPhase;
			buildActionMask = 2147483647;
			files = (
			);
			inputPaths = (
				"${PODS_PODFILE_DIR_PATH}/Podfile.lock",
				"${PODS_ROOT}/Manifest.lock",
			);
			name = "[CP] Check Pods Manifest.lock";
			outputPaths = (
				"$(DERIVED_FILE_DIR)/Pods-instagram-checkManifestLockResult.txt",
			);
			runOnlyForDeploymentPostprocessing = 0;
			shellPath = /bin/sh;
			shellScript = "diff \"${PODS_PODFILE_DIR_PATH}/Podfile.lock\" \"${PODS_ROOT}/Manifest.lock\" > /dev/null\nif [ $? != 0 ] ; then\n    # print error to STDERR\n    echo \"error: The sandbox is not in sync with the Podfile.lock. Run 'pod install' or update your CocoaPods installation.\" >&2\n    exit 1\nfi\n# This output is used by Xcode 'outputs' to avoid re-running this script phase.\necho \"SUCCESS\" > \"${SCRIPT_OUTPUT_FILE_0}\"\n";
			showEnvVarsInLog = 0;
		};
/* End PBXShellScriptBuildPhase section */

/* Begin PBXSourcesBuildPhase section */
		D87CD9782020E6CE003C90A8 /* Sources */ = {
			isa = PBXSourcesBuildPhase;
			buildActionMask = 2147483647;
			files = (
				D85411C320278038004F48F1 /* PhotoMapViewController.swift in Sources */,
				D85411BF2027735E004F48F1 /* pictureViewController.swift in Sources */,
				D87CD9AE2020E915003C90A8 /* LoginViewController.swift in Sources */,
				D87CD9802020E6CE003C90A8 /* AppDelegate.swift in Sources */,
				D85411C1202773CA004F48F1 /* PostCell.swift in Sources */,
				D877D0F52028E3740034FE05 /* PhotoPickerViewController.swift in Sources */,
			);
			runOnlyForDeploymentPostprocessing = 0;
		};
		D87CD98C2020E6CE003C90A8 /* Sources */ = {
			isa = PBXSourcesBuildPhase;
			buildActionMask = 2147483647;
			files = (
				D87CD9952020E6CE003C90A8 /* instagramTests.swift in Sources */,
			);
			runOnlyForDeploymentPostprocessing = 0;
		};
		D87CD9972020E6CE003C90A8 /* Sources */ = {
			isa = PBXSourcesBuildPhase;
			buildActionMask = 2147483647;
			files = (
				D87CD9A02020E6CE003C90A8 /* instagramUITests.swift in Sources */,
			);
			runOnlyForDeploymentPostprocessing = 0;
		};
/* End PBXSourcesBuildPhase section */

/* Begin PBXTargetDependency section */
		D87CD9922020E6CE003C90A8 /* PBXTargetDependency */ = {
			isa = PBXTargetDependency;
			target = D87CD97B2020E6CE003C90A8 /* instagram */;
			targetProxy = D87CD9912020E6CE003C90A8 /* PBXContainerItemProxy */;
		};
		D87CD99D2020E6CE003C90A8 /* PBXTargetDependency */ = {
			isa = PBXTargetDependency;
			target = D87CD97B2020E6CE003C90A8 /* instagram */;
			targetProxy = D87CD99C2020E6CE003C90A8 /* PBXContainerItemProxy */;
		};
/* End PBXTargetDependency section */

/* Begin PBXVariantGroup section */
		D87CD9832020E6CE003C90A8 /* Main.storyboard */ = {
			isa = PBXVariantGroup;
			children = (
				D87CD9842020E6CE003C90A8 /* Base */,
			);
			name = Main.storyboard;
			sourceTree = "<group>";
		};
		D87CD9882020E6CE003C90A8 /* LaunchScreen.storyboard */ = {
			isa = PBXVariantGroup;
			children = (
				D87CD9892020E6CE003C90A8 /* Base */,
			);
			name = LaunchScreen.storyboard;
			sourceTree = "<group>";
		};
/* End PBXVariantGroup section */

/* Begin XCBuildConfiguration section */
		D87CD9A22020E6CE003C90A8 /* Debug */ = {
			isa = XCBuildConfiguration;
			buildSettings = {
				ALWAYS_SEARCH_USER_PATHS = NO;
				CLANG_ANALYZER_NONNULL = YES;
				CLANG_ANALYZER_NUMBER_OBJECT_CONVERSION = YES_AGGRESSIVE;
				CLANG_CXX_LANGUAGE_STANDARD = "gnu++14";
				CLANG_CXX_LIBRARY = "libc++";
				CLANG_ENABLE_MODULES = YES;
				CLANG_ENABLE_OBJC_ARC = YES;
				CLANG_WARN_BLOCK_CAPTURE_AUTORELEASING = YES;
				CLANG_WARN_BOOL_CONVERSION = YES;
				CLANG_WARN_COMMA = YES;
				CLANG_WARN_CONSTANT_CONVERSION = YES;
				CLANG_WARN_DIRECT_OBJC_ISA_USAGE = YES_ERROR;
				CLANG_WARN_DOCUMENTATION_COMMENTS = YES;
				CLANG_WARN_EMPTY_BODY = YES;
				CLANG_WARN_ENUM_CONVERSION = YES;
				CLANG_WARN_INFINITE_RECURSION = YES;
				CLANG_WARN_INT_CONVERSION = YES;
				CLANG_WARN_NON_LITERAL_NULL_CONVERSION = YES;
				CLANG_WARN_OBJC_LITERAL_CONVERSION = YES;
				CLANG_WARN_OBJC_ROOT_CLASS = YES_ERROR;
				CLANG_WARN_RANGE_LOOP_ANALYSIS = YES;
				CLANG_WARN_STRICT_PROTOTYPES = YES;
				CLANG_WARN_SUSPICIOUS_MOVE = YES;
				CLANG_WARN_UNGUARDED_AVAILABILITY = YES_AGGRESSIVE;
				CLANG_WARN_UNREACHABLE_CODE = YES;
				CLANG_WARN__DUPLICATE_METHOD_MATCH = YES;
				CODE_SIGN_IDENTITY = "iPhone Developer";
				COPY_PHASE_STRIP = NO;
				DEBUG_INFORMATION_FORMAT = dwarf;
				ENABLE_STRICT_OBJC_MSGSEND = YES;
				ENABLE_TESTABILITY = YES;
				GCC_C_LANGUAGE_STANDARD = gnu11;
				GCC_DYNAMIC_NO_PIC = NO;
				GCC_NO_COMMON_BLOCKS = YES;
				GCC_OPTIMIZATION_LEVEL = 0;
				GCC_PREPROCESSOR_DEFINITIONS = (
					"DEBUG=1",
					"$(inherited)",
				);
				GCC_WARN_64_TO_32_BIT_CONVERSION = YES;
				GCC_WARN_ABOUT_RETURN_TYPE = YES_ERROR;
				GCC_WARN_UNDECLARED_SELECTOR = YES;
				GCC_WARN_UNINITIALIZED_AUTOS = YES_AGGRESSIVE;
				GCC_WARN_UNUSED_FUNCTION = YES;
				GCC_WARN_UNUSED_VARIABLE = YES;
				IPHONEOS_DEPLOYMENT_TARGET = 11.2;
				MTL_ENABLE_DEBUG_INFO = YES;
				ONLY_ACTIVE_ARCH = YES;
				SDKROOT = iphoneos;
				SWIFT_ACTIVE_COMPILATION_CONDITIONS = DEBUG;
				SWIFT_OPTIMIZATION_LEVEL = "-Onone";
			};
			name = Debug;
		};
		D87CD9A32020E6CE003C90A8 /* Release */ = {
			isa = XCBuildConfiguration;
			buildSettings = {
				ALWAYS_SEARCH_USER_PATHS = NO;
				CLANG_ANALYZER_NONNULL = YES;
				CLANG_ANALYZER_NUMBER_OBJECT_CONVERSION = YES_AGGRESSIVE;
				CLANG_CXX_LANGUAGE_STANDARD = "gnu++14";
				CLANG_CXX_LIBRARY = "libc++";
				CLANG_ENABLE_MODULES = YES;
				CLANG_ENABLE_OBJC_ARC = YES;
				CLANG_WARN_BLOCK_CAPTURE_AUTORELEASING = YES;
				CLANG_WARN_BOOL_CONVERSION = YES;
				CLANG_WARN_COMMA = YES;
				CLANG_WARN_CONSTANT_CONVERSION = YES;
				CLANG_WARN_DIRECT_OBJC_ISA_USAGE = YES_ERROR;
				CLANG_WARN_DOCUMENTATION_COMMENTS = YES;
				CLANG_WARN_EMPTY_BODY = YES;
				CLANG_WARN_ENUM_CONVERSION = YES;
				CLANG_WARN_INFINITE_RECURSION = YES;
				CLANG_WARN_INT_CONVERSION = YES;
				CLANG_WARN_NON_LITERAL_NULL_CONVERSION = YES;
				CLANG_WARN_OBJC_LITERAL_CONVERSION = YES;
				CLANG_WARN_OBJC_ROOT_CLASS = YES_ERROR;
				CLANG_WARN_RANGE_LOOP_ANALYSIS = YES;
				CLANG_WARN_STRICT_PROTOTYPES = YES;
				CLANG_WARN_SUSPICIOUS_MOVE = YES;
				CLANG_WARN_UNGUARDED_AVAILABILITY = YES_AGGRESSIVE;
				CLANG_WARN_UNREACHABLE_CODE = YES;
				CLANG_WARN__DUPLICATE_METHOD_MATCH = YES;
				CODE_SIGN_IDENTITY = "iPhone Developer";
				COPY_PHASE_STRIP = NO;
				DEBUG_INFORMATION_FORMAT = "dwarf-with-dsym";
				ENABLE_NS_ASSERTIONS = NO;
				ENABLE_STRICT_OBJC_MSGSEND = YES;
				GCC_C_LANGUAGE_STANDARD = gnu11;
				GCC_NO_COMMON_BLOCKS = YES;
				GCC_WARN_64_TO_32_BIT_CONVERSION = YES;
				GCC_WARN_ABOUT_RETURN_TYPE = YES_ERROR;
				GCC_WARN_UNDECLARED_SELECTOR = YES;
				GCC_WARN_UNINITIALIZED_AUTOS = YES_AGGRESSIVE;
				GCC_WARN_UNUSED_FUNCTION = YES;
				GCC_WARN_UNUSED_VARIABLE = YES;
				IPHONEOS_DEPLOYMENT_TARGET = 11.2;
				MTL_ENABLE_DEBUG_INFO = NO;
				SDKROOT = iphoneos;
				SWIFT_OPTIMIZATION_LEVEL = "-Owholemodule";
				VALIDATE_PRODUCT = YES;
			};
			name = Release;
		};
		D87CD9A52020E6CE003C90A8 /* Debug */ = {
			isa = XCBuildConfiguration;
			baseConfigurationReference = D6168A89813024F385441207 /* Pods-instagram.debug.xcconfig */;
			buildSettings = {
				ASSETCATALOG_COMPILER_APPICON_NAME = AppIcon;
				CODE_SIGN_STYLE = Automatic;
				INFOPLIST_FILE = instagram/Info.plist;
				LD_RUNPATH_SEARCH_PATHS = "$(inherited) @executable_path/Frameworks";
				PRODUCT_BUNDLE_IDENTIFIER = Joe.instagram;
				PRODUCT_NAME = "$(TARGET_NAME)";
				SWIFT_VERSION = 4.0;
				TARGETED_DEVICE_FAMILY = "1,2";
			};
			name = Debug;
		};
		D87CD9A62020E6CE003C90A8 /* Release */ = {
			isa = XCBuildConfiguration;
			baseConfigurationReference = 004DF013C52C707D0EBE5D0F /* Pods-instagram.release.xcconfig */;
			buildSettings = {
				ASSETCATALOG_COMPILER_APPICON_NAME = AppIcon;
				CODE_SIGN_STYLE = Automatic;
				INFOPLIST_FILE = instagram/Info.plist;
				LD_RUNPATH_SEARCH_PATHS = "$(inherited) @executable_path/Frameworks";
				PRODUCT_BUNDLE_IDENTIFIER = Joe.instagram;
				PRODUCT_NAME = "$(TARGET_NAME)";
				SWIFT_VERSION = 4.0;
				TARGETED_DEVICE_FAMILY = "1,2";
			};
			name = Release;
		};
		D87CD9A82020E6CE003C90A8 /* Debug */ = {
			isa = XCBuildConfiguration;
			baseConfigurationReference = DEC67B1FAF39F397E69B44CD /* Pods-instagramTests.debug.xcconfig */;
			buildSettings = {
				ALWAYS_EMBED_SWIFT_STANDARD_LIBRARIES = YES;
				BUNDLE_LOADER = "$(TEST_HOST)";
				CODE_SIGN_STYLE = Automatic;
				INFOPLIST_FILE = instagramTests/Info.plist;
				LD_RUNPATH_SEARCH_PATHS = "$(inherited) @executable_path/Frameworks @loader_path/Frameworks";
				PRODUCT_BUNDLE_IDENTIFIER = Joe.instagramTests;
				PRODUCT_NAME = "$(TARGET_NAME)";
				SWIFT_VERSION = 4.0;
				TARGETED_DEVICE_FAMILY = "1,2";
				TEST_HOST = "$(BUILT_PRODUCTS_DIR)/instagram.app/instagram";
			};
			name = Debug;
		};
		D87CD9A92020E6CE003C90A8 /* Release */ = {
			isa = XCBuildConfiguration;
			baseConfigurationReference = E44E28C461EBECAC89D8C4CD /* Pods-instagramTests.release.xcconfig */;
			buildSettings = {
				ALWAYS_EMBED_SWIFT_STANDARD_LIBRARIES = YES;
				BUNDLE_LOADER = "$(TEST_HOST)";
				CODE_SIGN_STYLE = Automatic;
				INFOPLIST_FILE = instagramTests/Info.plist;
				LD_RUNPATH_SEARCH_PATHS = "$(inherited) @executable_path/Frameworks @loader_path/Frameworks";
				PRODUCT_BUNDLE_IDENTIFIER = Joe.instagramTests;
				PRODUCT_NAME = "$(TARGET_NAME)";
				SWIFT_VERSION = 4.0;
				TARGETED_DEVICE_FAMILY = "1,2";
				TEST_HOST = "$(BUILT_PRODUCTS_DIR)/instagram.app/instagram";
			};
			name = Release;
		};
		D87CD9AB2020E6CE003C90A8 /* Debug */ = {
			isa = XCBuildConfiguration;
			baseConfigurationReference = 2C9A7D46C30FF44C80C31A57 /* Pods-instagramUITests.debug.xcconfig */;
			buildSettings = {
				ALWAYS_EMBED_SWIFT_STANDARD_LIBRARIES = YES;
				CODE_SIGN_STYLE = Automatic;
				INFOPLIST_FILE = instagramUITests/Info.plist;
				LD_RUNPATH_SEARCH_PATHS = "$(inherited) @executable_path/Frameworks @loader_path/Frameworks";
				PRODUCT_BUNDLE_IDENTIFIER = Joe.instagramUITests;
				PRODUCT_NAME = "$(TARGET_NAME)";
				SWIFT_VERSION = 4.0;
				TARGETED_DEVICE_FAMILY = "1,2";
				TEST_TARGET_NAME = instagram;
			};
			name = Debug;
		};
		D87CD9AC2020E6CE003C90A8 /* Release */ = {
			isa = XCBuildConfiguration;
			baseConfigurationReference = 9356AC9A270107EE39897702 /* Pods-instagramUITests.release.xcconfig */;
			buildSettings = {
				ALWAYS_EMBED_SWIFT_STANDARD_LIBRARIES = YES;
				CODE_SIGN_STYLE = Automatic;
				INFOPLIST_FILE = instagramUITests/Info.plist;
				LD_RUNPATH_SEARCH_PATHS = "$(inherited) @executable_path/Frameworks @loader_path/Frameworks";
				PRODUCT_BUNDLE_IDENTIFIER = Joe.instagramUITests;
				PRODUCT_NAME = "$(TARGET_NAME)";
				SWIFT_VERSION = 4.0;
				TARGETED_DEVICE_FAMILY = "1,2";
				TEST_TARGET_NAME = instagram;
			};
			name = Release;
		};
/* End XCBuildConfiguration section */

/* Begin XCConfigurationList section */
		D87CD9772020E6CE003C90A8 /* Build configuration list for PBXProject "instagram" */ = {
			isa = XCConfigurationList;
			buildConfigurations = (
				D87CD9A22020E6CE003C90A8 /* Debug */,
				D87CD9A32020E6CE003C90A8 /* Release */,
			);
			defaultConfigurationIsVisible = 0;
			defaultConfigurationName = Release;
		};
		D87CD9A42020E6CE003C90A8 /* Build configuration list for PBXNativeTarget "instagram" */ = {
			isa = XCConfigurationList;
			buildConfigurations = (
				D87CD9A52020E6CE003C90A8 /* Debug */,
				D87CD9A62020E6CE003C90A8 /* Release */,
			);
			defaultConfigurationIsVisible = 0;
			defaultConfigurationName = Release;
		};
		D87CD9A72020E6CE003C90A8 /* Build configuration list for PBXNativeTarget "instagramTests" */ = {
			isa = XCConfigurationList;
			buildConfigurations = (
				D87CD9A82020E6CE003C90A8 /* Debug */,
				D87CD9A92020E6CE003C90A8 /* Release */,
			);
			defaultConfigurationIsVisible = 0;
			defaultConfigurationName = Release;
		};
		D87CD9AA2020E6CE003C90A8 /* Build configuration list for PBXNativeTarget "instagramUITests" */ = {
			isa = XCConfigurationList;
			buildConfigurations = (
				D87CD9AB2020E6CE003C90A8 /* Debug */,
				D87CD9AC2020E6CE003C90A8 /* Release */,
			);
			defaultConfigurationIsVisible = 0;
			defaultConfigurationName = Release;
		};
/* End XCConfigurationList section */
	};
	rootObject = D87CD9742020E6CE003C90A8 /* Project object */;
}
